dependencies:
  espressif/es8311:
    component_hash: eacbe7cb7f6993eb0f439121a56663cdfbf95925e7ddf5d2ed5aa640bed476fd
    dependencies:
    - name: idf
      require: private
      version: '>=4.4'
    source:
      registry_url: https://components.espressif.com/
      type: service
    version: 1.0.0
  espressif/esp_codec_dev:
    component_hash: 8a58569aed3c6e8d858da5419eba4d54ee905d7709cdbe01c42101c1ed0c5319
    dependencies:
    - name: idf
      require: private
      version: '>=4.0'
    source:
      registry_url: https://components.espressif.com/
      type: service
    version: 1.6.1
  espressif/esp_lcd_lt8912b:
    component_hash: f954a3393c8e16159f0c7448c9f4312b58933a53563fe5173db5f63a2b0f7aa7
    dependencies:
    - name: idf
      require: private
      version: '>=5.3'
    source:
      registry_url: https://components.espressif.com/
      type: service
    version: 0.2.0
  espressif/usb_host_hid:
    component_hash: a6c5366f9b6d80b0d5f56d085d62941464512e0968b96c5877e76a80fcc23f13
    dependencies:
    - name: idf
      require: private
      version: '>=5.0'
    - name: espressif/usb
      registry_url: https://components.espressif.com
      require: public
      rules:
      - if: idf_version >=6.0
      - if: target not in ["linux"]
      version: ^1.0.0
    source:
      registry_url: https://components.espressif.com/
      type: service
    targets:
    - esp32s2
    - esp32s3
    - esp32p4
    - esp32h4
    - esp32s31
    - linux
    version: 1.2.0
  idf:
    source:
      type: idf
    version: 5.5.1
direct_dependencies:
- espressif/es8311
- espressif/esp_codec_dev
- espressif/esp_lcd_lt8912b
- espressif/usb_host_hid
manifest_hash: a725af5558af0385aca028be137aba30753dca029ab529613741b90017ca3aac
target: esp32p4
version: 2.0.0
