dependencies:
  esp32_p4_nano_custom:
    dependencies: []
    source:
      path: D:\ESP32\new\1\ESP32_P4_Vectrex.orgDev\components\esp32_p4_nano_custom
      type: local
    version: 1.2.0
  espressif/cmake_utilities:
    component_hash: 351350613ceafba240b761b4ea991e0f231ac7a9f59a9ee901f751bddc0bb18f
    dependencies:
    - name: idf
      require: private
      version: '>=4.1'
    source:
      registry_url: https://components.espressif.com
      type: service
    version: 0.5.3
  espressif/es8311:
    component_hash: 46b3117250344bb03f143d5e2becf81cfb111679fbd7b95cefc2d302d36cc393
    dependencies:
    - name: idf
      require: private
      version: '>=4.4,<6.0'
    source:
      registry_url: https://components.espressif.com/
      type: service
    version: 1.0.0~1
  espressif/esp_codec_dev:
    component_hash: 014948481bda426cd46714f297fe1891711246c62bea288863a8cc8cf13ef1f0
    dependencies:
    - name: idf
      require: private
      version: '>=4.0'
    source:
      registry_url: https://components.espressif.com/
      type: service
    version: 1.2.0
  espressif/esp_lcd_lt8912b:
    component_hash: f954a3393c8e16159f0c7448c9f4312b58933a53563fe5173db5f63a2b0f7aa7
    dependencies:
    - name: idf
      require: private
      version: '>=5.3'
    source:
      registry_url: https://components.espressif.com/
      type: service
    version: 0.2.0
  espressif/esp_lcd_touch:
    component_hash: 3f85a7d95af876f1a6ecca8eb90a81614890d0f03a038390804e5a77e2caf862
    dependencies:
    - name: idf
      require: private
      version: '>=4.4.2'
    source:
      registry_url: https://components.espressif.com
      type: service
    version: 1.2.1
  espressif/esp_lcd_touch_gt911:
    component_hash: 6029febef66eefd0910d527d7f30292779ccbf22a8dedd2bd69466acf0068a7b
    dependencies:
    - name: espressif/esp_lcd_touch
      registry_url: https://components.espressif.com
      require: public
      version: ^1.2.0
    - name: idf
      require: private
      version: '>=5.2'
    source:
      registry_url: https://components.espressif.com/
      type: service
    version: 1.2.0~2
  espressif/i2c_bus:
    component_hash: 483112c1619c54c38d0b734fb25f1678733267858a77b7af2f48cc7db6dbbd84
    dependencies:
    - name: espressif/cmake_utilities
      registry_url: https://components.espressif.com
      require: private
      version: '*'
    - name: idf
      require: private
      version: '>=4.0'
    source:
      registry_url: https://components.espressif.com
      type: service
    version: 1.5.2
  espressif/usb_host_hid:
    component_hash: 824d49e67771af546c29d916bd8d7d3526cd2ff5e082d9021cab66d5f9c2b9bc
    dependencies:
    - name: idf
      require: private
      version: '>=4.4'
    - name: espressif/usb
      registry_url: https://components.espressif.com
      require: public
      rules:
      - if: idf_version >=6.0
      - if: target not in ["linux"]
      version: ^1.0.0
    source:
      registry_url: https://components.espressif.com/
      type: service
    targets:
    - esp32s2
    - esp32s3
    - esp32p4
    - esp32h4
    - linux
    version: 1.0.4
  idf:
    source:
      type: idf
    version: 5.5.1
  waveshare/esp_lcd_dsi:
    component_hash: 004e3455a2e331eadef75da0df28eb090d03681e0300d75abccb1722fbca66c4
    dependencies:
    - name: espressif/cmake_utilities
      registry_url: https://components.espressif.com
      require: private
      version: 0.*
    - name: espressif/i2c_bus
      registry_url: https://components.espressif.com
      require: private
      version: ^1.3.0
    - name: idf
      require: private
      version: '>=5.3'
    source:
      registry_url: https://components.espressif.com/
      type: service
    targets:
    - esp32p4
    version: 2.0.0
  waveshare/esp_lcd_hx8394:
    component_hash: d0999951259921352c91dc28cabf338b2c3db93d2f2fd8f6164a80a813b5eab6
    dependencies:
    - name: espressif/cmake_utilities
      registry_url: https://components.espressif.com
      require: private
      version: 0.*
    - name: espressif/i2c_bus
      registry_url: https://components.espressif.com
      require: private
      version: ^1.3.0
    - name: idf
      require: private
      version: '>=5.3'
    source:
      registry_url: https://components.espressif.com/
      type: service
    targets:
    - esp32p4
    version: 1.0.3
  waveshare/esp_lcd_jd9365:
    component_hash: cb97511cfb9d3f59d652bb843b0b2571eeac6516d98db448fce8ff580e8ced41
    dependencies:
    - name: espressif/cmake_utilities
      registry_url: https://components.espressif.com
      require: private
      version: 0.*
    - name: espressif/i2c_bus
      registry_url: https://components.espressif.com
      require: private
      version: ^1.3.0
    - name: idf
      require: private
      version: '>=5.3'
    source:
      registry_url: https://components.espressif.com/
      type: service
    targets:
    - esp32p4
    version: 2.0.0
direct_dependencies:
- esp32_p4_nano_custom
- espressif/es8311
- espressif/esp_codec_dev
- espressif/esp_lcd_lt8912b
- espressif/esp_lcd_touch_gt911
- espressif/usb_host_hid
- idf
- waveshare/esp_lcd_dsi
- waveshare/esp_lcd_hx8394
- waveshare/esp_lcd_jd9365
manifest_hash: bd035c7ab868b6d796408a23c287e66cbb530ef662404ed67daa87bf2a7bfc7e
target: esp32p4
version: 2.0.0
